
Microsoft Visual Studio Solution File, Format Version 12.00
# Visual Studio Version 17
VisualStudioVersion = 17.5.002.0
MinimumVisualStudioVersion = 10.0.40219.1
Project("{2150E333-8FDC-42A3-9474-1A3956D46DE8}") = "csharp-prep", "csharp-prep", "{030A246A-CAF1-414F-995D-519504D47341}"
EndProject
Project("{9A19103F-16F7-4668-BE54-9A1E7A4F7556}") = "Prep1", "csharp-prep\Prep1\Prep1.csproj", "{AC1B08D1-3103-44BD-8199-38F44F2A9FD4}"
EndProject
Project("{9A19103F-16F7-4668-BE54-9A1E7A4F7556}") = "Prep2", "csharp-prep\Prep2\Prep2.csproj", "{2916AA67-455B-401F-B94A-17388EF31421}"
EndProject
Project("{9A19103F-16F7-4668-BE54-9A1E7A4F7556}") = "Prep3", "csharp-prep\Prep3\Prep3.csproj", "{74D0486F-4548-4F72-AC4C-750AB943234F}"
EndProject
Project("{9A19103F-16F7-4668-BE54-9A1E7A4F7556}") = "Prep4", "csharp-prep\Prep4\Prep4.csproj", "{4E613359-976A-453F-AF84-E143F911996E}"
EndProject
Project("{9A19103F-16F7-4668-BE54-9A1E7A4F7556}") = "Prep5", "csharp-prep\Prep5\Prep5.csproj", "{22178005-71EA-436C-BB82-4566B4E82C4C}"
EndProject
Project("{2150E333-8FDC-42A3-9474-1A3956D46DE8}") = "final", "final", "{038AD68A-7C8A-455A-80DA-FC867206D26E}"
EndProject
Project("{9A19103F-16F7-4668-BE54-9A1E7A4F7556}") = "FinalProject", "final\FinalProject\FinalProject.csproj", "{BCBAC359-062A-45DF-8E16-8DA60A8A3370}"
EndProject
Project("{9A19103F-16F7-4668-BE54-9A1E7A4F7556}") = "Foundation1", "final\Foundation1\Foundation1.csproj", "{D1B37457-25C5-4EFC-B100-E5C8B21AEF93}"
EndProject
Project("{9A19103F-16F7-4668-BE54-9A1E7A4F7556}") = "Foundation2", "final\Foundation2\Foundation2.csproj", "{44174FCD-1CB4-4FC8-BFDE-EB9000F574DF}"
EndProject
Project("{9A19103F-16F7-4668-BE54-9A1E7A4F7556}") = "Foundation3", "final\Foundation3\Foundation3.csproj", "{917255B6-322E-4B62-908D-EA6C06B60BF9}"
EndProject
Project("{9A19103F-16F7-4668-BE54-9A1E7A4F7556}") = "Foundation4", "final\Foundation4\Foundation4.csproj", "{BF97C1B3-FA3F-48DB-A04D-79289751C3A6}"
EndProject
Project("{2150E333-8FDC-42A3-9474-1A3956D46DE8}") = "prepare", "prepare", "{7DFF8DA5-8342-49B2-AA38-BEC91BBD4346}"
EndProject
Project("{9A19103F-16F7-4668-BE54-9A1E7A4F7556}") = "Learning02", "prepare\Learning02\Learning02.csproj", "{4DA35DDF-0E3B-4F6F-8D1D-B81CFC4749D0}"
EndProject
Project("{9A19103F-16F7-4668-BE54-9A1E7A4F7556}") = "Learning03", "prepare\Learning03\Learning03.csproj", "{BAE69ACE-643C-4BCB-8A82-289F52CBA14E}"
EndProject
Project("{9A19103F-16F7-4668-BE54-9A1E7A4F7556}") = "Learning04", "prepare\Learning04\Learning04.csproj", "{F28241FB-ACB0-4E08-BE8F-37DFB85DFABA}"
EndProject
Project("{9A19103F-16F7-4668-BE54-9A1E7A4F7556}") = "Learning05", "prepare\Learning05\Learning05.csproj", "{DDED04D4-6B8A-435B-AE34-FD4339D4858A}"
EndProject
Project("{2150E333-8FDC-42A3-9474-1A3956D46DE8}") = "prove", "prove", "{9299899B-2D9C-433E-91A4-E215F66FC472}"
EndProject
Project("{9A19103F-16F7-4668-BE54-9A1E7A4F7556}") = "Develop02", "prove\Develop02\Develop02.csproj", "{2570D1A1-5373-42AB-B8BE-2DC89AB1D3DF}"
EndProject
Project("{9A19103F-16F7-4668-BE54-9A1E7A4F7556}") = "Develop03", "prove\Develop03\Develop03.csproj", "{1444D490-1A71-442B-97A9-9502EB211AAC}"
EndProject
Project("{9A19103F-16F7-4668-BE54-9A1E7A4F7556}") = "Develop04", "prove\Develop04\Develop04.csproj", "{AECD77B2-91D1-4EFF-93FB-344E34220080}"
EndProject
Project("{9A19103F-16F7-4668-BE54-9A1E7A4F7556}") = "Develop05", "prove\Develop05\Develop05.csproj", "{7C7F16AF-B6C8-4084-B082-A0E35DB502DF}"
EndProject
Project("{2150E333-8FDC-42A3-9474-1A3956D46DE8}") = "sandbox", "sandbox", "{408D1D28-2E07-40A3-AE80-6444089E026F}"
EndProject
Project("{9A19103F-16F7-4668-BE54-9A1E7A4F7556}") = "Sandbox", "sandbox\Sandbox\Sandbox.csproj", "{B3CB095B-EE58-4CE7-8D1A-8EE4A227E63B}"
EndProject
Global
	GlobalSection(SolutionConfigurationPlatforms) = preSolution
		Debug|Any CPU = Debug|Any CPU
		Release|Any CPU = Release|Any CPU
	EndGlobalSection
	GlobalSection(ProjectConfigurationPlatforms) = postSolution
		{AC1B08D1-3103-44BD-8199-38F44F2A9FD4}.Debug|Any CPU.ActiveCfg = Debug|Any CPU
		{AC1B08D1-3103-44BD-8199-38F44F2A9FD4}.Debug|Any CPU.Build.0 = Debug|Any CPU
		{AC1B08D1-3103-44BD-8199-38F44F2A9FD4}.Release|Any CPU.ActiveCfg = Release|Any CPU
		{AC1B08D1-3103-44BD-8199-38F44F2A9FD4}.Release|Any CPU.Build.0 = Release|Any CPU
		{2916AA67-455B-401F-B94A-17388EF31421}.Debug|Any CPU.ActiveCfg = Debug|Any CPU
		{2916AA67-455B-401F-B94A-17388EF31421}.Debug|Any CPU.Build.0 = Debug|Any CPU
		{2916AA67-455B-401F-B94A-17388EF31421}.Release|Any CPU.ActiveCfg = Release|Any CPU
		{2916AA67-455B-401F-B94A-17388EF31421}.Release|Any CPU.Build.0 = Release|Any CPU
		{74D0486F-4548-4F72-AC4C-750AB943234F}.Debug|Any CPU.ActiveCfg = Debug|Any CPU
		{74D0486F-4548-4F72-AC4C-750AB943234F}.Debug|Any CPU.Build.0 = Debug|Any CPU
		{74D0486F-4548-4F72-AC4C-750AB943234F}.Release|Any CPU.ActiveCfg = Release|Any CPU
		{74D0486F-4548-4F72-AC4C-750AB943234F}.Release|Any CPU.Build.0 = Release|Any CPU
		{4E613359-976A-453F-AF84-E143F911996E}.Debug|Any CPU.ActiveCfg = Debug|Any CPU
		{4E613359-976A-453F-AF84-E143F911996E}.Debug|Any CPU.Build.0 = Debug|Any CPU
		{4E613359-976A-453F-AF84-E143F911996E}.Release|Any CPU.ActiveCfg = Release|Any CPU
		{4E613359-976A-453F-AF84-E143F911996E}.Release|Any CPU.Build.0 = Release|Any CPU
		{22178005-71EA-436C-BB82-4566B4E82C4C}.Debug|Any CPU.ActiveCfg = Debug|Any CPU
		{22178005-71EA-436C-BB82-4566B4E82C4C}.Debug|Any CPU.Build.0 = Debug|Any CPU
		{22178005-71EA-436C-BB82-4566B4E82C4C}.Release|Any CPU.ActiveCfg = Release|Any CPU
		{22178005-71EA-436C-BB82-4566B4E82C4C}.Release|Any CPU.Build.0 = Release|Any CPU
		{BCBAC359-062A-45DF-8E16-8DA60A8A3370}.Debug|Any CPU.ActiveCfg = Debug|Any CPU
		{BCBAC359-062A-45DF-8E16-8DA60A8A3370}.Debug|Any CPU.Build.0 = Debug|Any CPU
		{BCBAC359-062A-45DF-8E16-8DA60A8A3370}.Release|Any CPU.ActiveCfg = Release|Any CPU
		{BCBAC359-062A-45DF-8E16-8DA60A8A3370}.Release|Any CPU.Build.0 = Release|Any CPU
		{D1B37457-25C5-4EFC-B100-E5C8B21AEF93}.Debug|Any CPU.ActiveCfg = Debug|Any CPU
		{D1B37457-25C5-4EFC-B100-E5C8B21AEF93}.Debug|Any CPU.Build.0 = Debug|Any CPU
		{D1B37457-25C5-4EFC-B100-E5C8B21AEF93}.Release|Any CPU.ActiveCfg = Release|Any CPU
		{D1B37457-25C5-4EFC-B100-E5C8B21AEF93}.Release|Any CPU.Build.0 = Release|Any CPU
		{44174FCD-1CB4-4FC8-BFDE-EB9000F574DF}.Debug|Any CPU.ActiveCfg = Debug|Any CPU
		{44174FCD-1CB4-4FC8-BFDE-EB9000F574DF}.Debug|Any CPU.Build.0 = Debug|Any CPU
		{44174FCD-1CB4-4FC8-BFDE-EB9000F574DF}.Release|Any CPU.ActiveCfg = Release|Any CPU
		{44174FCD-1CB4-4FC8-BFDE-EB9000F574DF}.Release|Any CPU.Build.0 = Release|Any CPU
		{917255B6-322E-4B62-908D-EA6C06B60BF9}.Debug|Any CPU.ActiveCfg = Debug|Any CPU
		{917255B6-322E-4B62-908D-EA6C06B60BF9}.Debug|Any CPU.Build.0 = Debug|Any CPU
		{917255B6-322E-4B62-908D-EA6C06B60BF9}.Release|Any CPU.ActiveCfg = Release|Any CPU
		{917255B6-322E-4B62-908D-EA6C06B60BF9}.Release|Any CPU.Build.0 = Release|Any CPU
		{BF97C1B3-FA3F-48DB-A04D-79289751C3A6}.Debug|Any CPU.ActiveCfg = Debug|Any CPU
		{BF97C1B3-FA3F-48DB-A04D-79289751C3A6}.Debug|Any CPU.Build.0 = Debug|Any CPU
		{BF97C1B3-FA3F-48DB-A04D-79289751C3A6}.Release|Any CPU.ActiveCfg = Release|Any CPU
		{BF97C1B3-FA3F-48DB-A04D-79289751C3A6}.Release|Any CPU.Build.0 = Release|Any CPU
		{4DA35DDF-0E3B-4F6F-8D1D-B81CFC4749D0}.Debug|Any CPU.ActiveCfg = Debug|Any CPU
		{4DA35DDF-0E3B-4F6F-8D1D-B81CFC4749D0}.Debug|Any CPU.Build.0 = Debug|Any CPU
		{4DA35DDF-0E3B-4F6F-8D1D-B81CFC4749D0}.Release|Any CPU.ActiveCfg = Release|Any CPU
		{4DA35DDF-0E3B-4F6F-8D1D-B81CFC4749D0}.Release|Any CPU.Build.0 = Release|Any CPU
		{BAE69ACE-643C-4BCB-8A82-289F52CBA14E}.Debug|Any CPU.ActiveCfg = Debug|Any CPU
		{BAE69ACE-643C-4BCB-8A82-289F52CBA14E}.Debug|Any CPU.Build.0 = Debug|Any CPU
		{BAE69ACE-643C-4BCB-8A82-289F52CBA14E}.Release|Any CPU.ActiveCfg = Release|Any CPU
		{BAE69ACE-643C-4BCB-8A82-289F52CBA14E}.Release|Any CPU.Build.0 = Release|Any CPU
		{F28241FB-ACB0-4E08-BE8F-37DFB85DFABA}.Debug|Any CPU.ActiveCfg = Debug|Any CPU
		{F28241FB-ACB0-4E08-BE8F-37DFB85DFABA}.Debug|Any CPU.Build.0 = Debug|Any CPU
		{F28241FB-ACB0-4E08-BE8F-37DFB85DFABA}.Release|Any CPU.ActiveCfg = Release|Any CPU
		{F28241FB-ACB0-4E08-BE8F-37DFB85DFABA}.Release|Any CPU.Build.0 = Release|Any CPU
		{DDED04D4-6B8A-435B-AE34-FD4339D4858A}.Debug|Any CPU.ActiveCfg = Debug|Any CPU
		{DDED04D4-6B8A-435B-AE34-FD4339D4858A}.Debug|Any CPU.Build.0 = Debug|Any CPU
		{DDED04D4-6B8A-435B-AE34-FD4339D4858A}.Release|Any CPU.ActiveCfg = Release|Any CPU
		{DDED04D4-6B8A-435B-AE34-FD4339D4858A}.Release|Any CPU.Build.0 = Release|Any CPU
		{2570D1A1-5373-42AB-B8BE-2DC89AB1D3DF}.Debug|Any CPU.ActiveCfg = Debug|Any CPU
		{2570D1A1-5373-42AB-B8BE-2DC89AB1D3DF}.Debug|Any CPU.Build.0 = Debug|Any CPU
		{2570D1A1-5373-42AB-B8BE-2DC89AB1D3DF}.Release|Any CPU.ActiveCfg = Release|Any CPU
		{2570D1A1-5373-42AB-B8BE-2DC89AB1D3DF}.Release|Any CPU.Build.0 = Release|Any CPU
		{1444D490-1A71-442B-97A9-9502EB211AAC}.Debug|Any CPU.ActiveCfg = Debug|Any CPU
		{1444D490-1A71-442B-97A9-9502EB211AAC}.Debug|Any CPU.Build.0 = Debug|Any CPU
		{1444D490-1A71-442B-97A9-9502EB211AAC}.Release|Any CPU.ActiveCfg = Release|Any CPU
		{1444D490-1A71-442B-97A9-9502EB211AAC}.Release|Any CPU.Build.0 = Release|Any CPU
		{AECD77B2-91D1-4EFF-93FB-344E34220080}.Debug|Any CPU.ActiveCfg = Debug|Any CPU
		{AECD77B2-91D1-4EFF-93FB-344E34220080}.Debug|Any CPU.Build.0 = Debug|Any CPU
		{AECD77B2-91D1-4EFF-93FB-344E34220080}.Release|Any CPU.ActiveCfg = Release|Any CPU
		{AECD77B2-91D1-4EFF-93FB-344E34220080}.Release|Any CPU.Build.0 = Release|Any CPU
		{7C7F16AF-B6C8-4084-B082-A0E35DB502DF}.Debug|Any CPU.ActiveCfg = Debug|Any CPU
		{7C7F16AF-B6C8-4084-B082-A0E35DB502DF}.Debug|Any CPU.Build.0 = Debug|Any CPU
		{7C7F16AF-B6C8-4084-B082-A0E35DB502DF}.Release|Any CPU.ActiveCfg = Release|Any CPU
		{7C7F16AF-B6C8-4084-B082-A0E35DB502DF}.Release|Any CPU.Build.0 = Release|Any CPU
		{B3CB095B-EE58-4CE7-8D1A-8EE4A227E63B}.Debug|Any CPU.ActiveCfg = Debug|Any CPU
		{B3CB095B-EE58-4CE7-8D1A-8EE4A227E63B}.Debug|Any CPU.Build.0 = Debug|Any CPU
		{B3CB095B-EE58-4CE7-8D1A-8EE4A227E63B}.Release|Any CPU.ActiveCfg = Release|Any CPU
		{B3CB095B-EE58-4CE7-8D1A-8EE4A227E63B}.Release|Any CPU.Build.0 = Release|Any CPU
	EndGlobalSection
	GlobalSection(SolutionProperties) = preSolution
		HideSolutionNode = FALSE
	EndGlobalSection
	GlobalSection(NestedProjects) = preSolution
		{AC1B08D1-3103-44BD-8199-38F44F2A9FD4} = {030A246A-CAF1-414F-995D-519504D47341}
		{2916AA67-455B-401F-B94A-17388EF31421} = {030A246A-CAF1-414F-995D-519504D47341}
		{74D0486F-4548-4F72-AC4C-750AB943234F} = {030A246A-CAF1-414F-995D-519504D47341}
		{4E613359-976A-453F-AF84-E143F911996E} = {030A246A-CAF1-414F-995D-519504D47341}
		{22178005-71EA-436C-BB82-4566B4E82C4C} = {030A246A-CAF1-414F-995D-519504D47341}
		{BCBAC359-062A-45DF-8E16-8DA60A8A3370} = {038AD68A-7C8A-455A-80DA-FC867206D26E}
		{D1B37457-25C5-4EFC-B100-E5C8B21AEF93} = {038AD68A-7C8A-455A-80DA-FC867206D26E}
		{44174FCD-1CB4-4FC8-BFDE-EB9000F574DF} = {038AD68A-7C8A-455A-80DA-FC867206D26E}
		{917255B6-322E-4B62-908D-EA6C06B60BF9} = {038AD68A-7C8A-455A-80DA-FC867206D26E}
		{BF97C1B3-FA3F-48DB-A04D-79289751C3A6} = {038AD68A-7C8A-455A-80DA-FC867206D26E}
		{4DA35DDF-0E3B-4F6F-8D1D-B81CFC4749D0} = {7DFF8DA5-8342-49B2-AA38-BEC91BBD4346}
		{BAE69ACE-643C-4BCB-8A82-289F52CBA14E} = {7DFF8DA5-8342-49B2-AA38-BEC91BBD4346}
		{F28241FB-ACB0-4E08-BE8F-37DFB85DFABA} = {7DFF8DA5-8342-49B2-AA38-BEC91BBD4346}
		{DDED04D4-6B8A-435B-AE34-FD4339D4858A} = {7DFF8DA5-8342-49B2-AA38-BEC91BBD4346}
		{2570D1A1-5373-42AB-B8BE-2DC89AB1D3DF} = {9299899B-2D9C-433E-91A4-E215F66FC472}
		{1444D490-1A71-442B-97A9-9502EB211AAC} = {9299899B-2D9C-433E-91A4-E215F66FC472}
		{AECD77B2-91D1-4EFF-93FB-344E34220080} = {9299899B-2D9C-433E-91A4-E215F66FC472}
		{7C7F16AF-B6C8-4084-B082-A0E35DB502DF} = {9299899B-2D9C-433E-91A4-E215F66FC472}
		{B3CB095B-EE58-4CE7-8D1A-8EE4A227E63B} = {408D1D28-2E07-40A3-AE80-6444089E026F}
	EndGlobalSection
	GlobalSection(ExtensibilityGlobals) = postSolution
		SolutionGuid = {0C7E3698-B600-4434-A7A2-4FB43280BBEC}
	EndGlobalSection
EndGlobal
